
Microsoft Visual Studio Solution File, Format Version 12.00
# Visual Studio Version 16
VisualStudioVersion = 16.0.31729.503
MinimumVisualStudioVersion = 10.0.40219.1
Project("{FAE04EC0-301F-11D3-BF4B-00C04F79EFBC}") = "ObjectOrientedProgramming", "ObjectOrientedProgramming.csproj", "{B8539B62-4BB0-435A-A59E-CBE15E191B6F}"
EndProject
Global
	GlobalSection(SolutionConfigurationPlatforms) = preSolution
		Debug|Any CPU = Debug|Any CPU
		Release|Any CPU = Release|Any CPU
	EndGlobalSection
	GlobalSection(ProjectConfigurationPlatforms) = postSolution
		{B8539B62-4BB0-435A-A59E-CBE15E191B6F}.Debug|Any CPU.ActiveCfg = Debug|Any CPU
		{B8539B62-4BB0-435A-A59E-CBE15E191B6F}.Debug|Any CPU.Build.0 = Debug|Any CPU
		{B8539B62-4BB0-435A-A59E-CBE15E191B6F}.Release|Any CPU.ActiveCfg = Release|Any CPU
		{B8539B62-4BB0-435A-A59E-CBE15E191B6F}.Release|Any CPU.Build.0 = Release|Any CPU
	EndGlobalSection
	GlobalSection(SolutionProperties) = preSolution
		HideSolutionNode = FALSE
	EndGlobalSection
	GlobalSection(ExtensibilityGlobals) = postSolution
		SolutionGuid = {C1F4DB19-E8BF-4AFD-9698-0B069E07A2C0}
	EndGlobalSection
EndGlobal
